
Microsoft Visual Studio Solution File, Format Version 12.00
# Visual Studio 15
VisualStudioVersion = 15.0.27004.2002
MinimumVisualStudioVersion = 10.0.40219.1
Project("{FAE04EC0-301F-11D3-BF4B-00C04F79EFBC}") = "InventoryStatistics", "InventoryStatistics\InventoryStatistics.csproj", "{8782A422-03FC-499B-A1C3-566806A01909}"
EndProject
Global
	GlobalSection(SolutionConfigurationPlatforms) = preSolution
		Debug|Any CPU = Debug|Any CPU
		Release|Any CPU = Release|Any CPU
	EndGlobalSection
	GlobalSection(ProjectConfigurationPlatforms) = postSolution
		{8782A422-03FC-499B-A1C3-566806A01909}.Debug|Any CPU.ActiveCfg = Debug|Any CPU
		{8782A422-03FC-499B-A1C3-566806A01909}.Debug|Any CPU.Build.0 = Debug|Any CPU
		{8782A422-03FC-499B-A1C3-566806A01909}.Release|Any CPU.ActiveCfg = Release|Any CPU
		{8782A422-03FC-499B-A1C3-566806A01909}.Release|Any CPU.Build.0 = Release|Any CPU
	EndGlobalSection
	GlobalSection(SolutionProperties) = preSolution
		HideSolutionNode = FALSE
	EndGlobalSection
	GlobalSection(ExtensibilityGlobals) = postSolution
		SolutionGuid = {257C9EB7-741B-4D8C-A1B3-06686F482AEB}
	EndGlobalSection
EndGlobal
